
Microsoft Visual Studio Solution File, Format Version 12.00
# Visual Studio 2013
VisualStudioVersion = 12.0.21005.1
MinimumVisualStudioVersion = 10.0.40219.1
Project("{FAE04EC0-301F-11D3-BF4B-00C04F79EFBC}") = "01.School", "01.School\01.School.csproj", "{BE505D3D-03D9-4A4D-BE2B-7F63A653C2C9}"
EndProject
Project("{FAE04EC0-301F-11D3-BF4B-00C04F79EFBC}") = "02.StudentsAndWorkers", "02.StudentsAndWorkers\02.StudentsAndWorkers.csproj", "{AFAD3ABE-A9F0-4647-BE96-C9A809BFB380}"
EndProject
Project("{FAE04EC0-301F-11D3-BF4B-00C04F79EFBC}") = "03.AnimalHierarchy", "03.AnimalHierarchy\03.AnimalHierarchy.csproj", "{DEE7A089-CC21-4118-B91D-5DCE2C52FAC4}"
EndProject
Global
	GlobalSection(SolutionConfigurationPlatforms) = preSolution
		Debug|Any CPU = Debug|Any CPU
		Release|Any CPU = Release|Any CPU
	EndGlobalSection
	GlobalSection(ProjectConfigurationPlatforms) = postSolution
		{BE505D3D-03D9-4A4D-BE2B-7F63A653C2C9}.Debug|Any CPU.ActiveCfg = Debug|Any CPU
		{BE505D3D-03D9-4A4D-BE2B-7F63A653C2C9}.Debug|Any CPU.Build.0 = Debug|Any CPU
		{BE505D3D-03D9-4A4D-BE2B-7F63A653C2C9}.Release|Any CPU.ActiveCfg = Release|Any CPU
		{BE505D3D-03D9-4A4D-BE2B-7F63A653C2C9}.Release|Any CPU.Build.0 = Release|Any CPU
		{AFAD3ABE-A9F0-4647-BE96-C9A809BFB380}.Debug|Any CPU.ActiveCfg = Debug|Any CPU
		{AFAD3ABE-A9F0-4647-BE96-C9A809BFB380}.Debug|Any CPU.Build.0 = Debug|Any CPU
		{AFAD3ABE-A9F0-4647-BE96-C9A809BFB380}.Release|Any CPU.ActiveCfg = Release|Any CPU
		{AFAD3ABE-A9F0-4647-BE96-C9A809BFB380}.Release|Any CPU.Build.0 = Release|Any CPU
		{DEE7A089-CC21-4118-B91D-5DCE2C52FAC4}.Debug|Any CPU.ActiveCfg = Debug|Any CPU
		{DEE7A089-CC21-4118-B91D-5DCE2C52FAC4}.Debug|Any CPU.Build.0 = Debug|Any CPU
		{DEE7A089-CC21-4118-B91D-5DCE2C52FAC4}.Release|Any CPU.ActiveCfg = Release|Any CPU
		{DEE7A089-CC21-4118-B91D-5DCE2C52FAC4}.Release|Any CPU.Build.0 = Release|Any CPU
	EndGlobalSection
	GlobalSection(SolutionProperties) = preSolution
		HideSolutionNode = FALSE
	EndGlobalSection
EndGlobal
